
Microsoft Visual Studio Solution File, Format Version 12.00
# Visual Studio Version 16
VisualStudioVersion = 16.0.29326.143
MinimumVisualStudioVersion = 10.0.40219.1
Project("{FAE04EC0-301F-11D3-BF4B-00C04F79EFBC}") = "SignalRCore", "SignalRCore\SignalRCore.csproj", "{670CE563-854C-4C05-B9BB-DB68E023583A}"
EndProject
Global
	GlobalSection(SolutionConfigurationPlatforms) = preSolution
		Debug|Any CPU = Debug|Any CPU
		Release|Any CPU = Release|Any CPU
	EndGlobalSection
	GlobalSection(ProjectConfigurationPlatforms) = postSolution
		{670CE563-854C-4C05-B9BB-DB68E023583A}.Debug|Any CPU.ActiveCfg = Debug|Any CPU
		{670CE563-854C-4C05-B9BB-DB68E023583A}.Debug|Any CPU.Build.0 = Debug|Any CPU
		{670CE563-854C-4C05-B9BB-DB68E023583A}.Release|Any CPU.ActiveCfg = Release|Any CPU
		{670CE563-854C-4C05-B9BB-DB68E023583A}.Release|Any CPU.Build.0 = Release|Any CPU
	EndGlobalSection
	GlobalSection(SolutionProperties) = preSolution
		HideSolutionNode = FALSE
	EndGlobalSection
	GlobalSection(ExtensibilityGlobals) = postSolution
		SolutionGuid = {DDBA60B3-5839-4F30-BA04-A705046CD333}
	EndGlobalSection
EndGlobal
